
Microsoft Visual Studio Solution File, Format Version 11.00
# Visual Studio 2010
Project("{8BC9CEB8-8B4A-11D0-8D11-00A0C91BC942}") = "409", "409\409.vcxproj", "{C14594A7-65BB-4D54-BFE2-2849EC056F73}"
EndProject
Project("{8BC9CEB8-8B4A-11D0-8D11-00A0C91BC942}") = "465", "465\465.vcxproj", "{66CF986E-ECE2-48B8-A3AC-D6DE90114703}"
EndProject
Project("{8BC9CEB8-8B4A-11D0-8D11-00A0C91BC942}") = "748", "748\748.vcxproj", "{CB4781DC-9209-407D-A1FC-43187DB653FD}"
EndProject
Project("{8BC9CEB8-8B4A-11D0-8D11-00A0C91BC942}") = "755", "755\755.vcxproj", "{5DE3A591-E234-4268-A9DC-CBF67E3C05AA}"
EndProject
Project("{8BC9CEB8-8B4A-11D0-8D11-00A0C91BC942}") = "10194", "10194\10194.vcxproj", "{8FAE1A1F-A3F6-4F4C-8DE9-17D717D49536}"
EndProject
Project("{8BC9CEB8-8B4A-11D0-8D11-00A0C91BC942}") = "299", "299\299.vcxproj", "{490955D9-1494-45DF-86E6-A407314858EA}"
EndProject
Project("{8BC9CEB8-8B4A-11D0-8D11-00A0C91BC942}") = "127", "127\127.vcxproj", "{2055C26E-A38D-4183-B994-E95D037126CA}"
EndProject
Project("{8BC9CEB8-8B4A-11D0-8D11-00A0C91BC942}") = "133", "133\133.vcxproj", "{0092C8C2-E967-408B-896F-C1167BA95EDB}"
EndProject
Project("{8BC9CEB8-8B4A-11D0-8D11-00A0C91BC942}") = "10152", "10152\10152.vcxproj", "{32A4229F-AA3E-4F13-92EA-0AB88E7DC793}"
EndProject
Project("{8BC9CEB8-8B4A-11D0-8D11-00A0C91BC942}") = "540", "540\540.vcxproj", "{416DA3FE-551D-4476-AAF3-2FE0BD85B839}"
EndProject
Project("{8BC9CEB8-8B4A-11D0-8D11-00A0C91BC942}") = "11234", "11234\11234.vcxproj", "{80C3770B-21DF-40E0-B052-C4CC4AB3FE35}"
EndProject
Project("{8BC9CEB8-8B4A-11D0-8D11-00A0C91BC942}") = "test", "test\test.vcxproj", "{1A7348DA-1CD1-4FAA-A200-F64A3240C2EB}"
EndProject
Project("{8BC9CEB8-8B4A-11D0-8D11-00A0C91BC942}") = "112", "112\112.vcxproj", "{410CCCA0-7F07-4B70-B0A0-901A7A5DF9D8}"
EndProject
Project("{8BC9CEB8-8B4A-11D0-8D11-00A0C91BC942}") = "548", "548\548.vcxproj", "{09A7D544-429B-422C-8963-C5ACB8D5E9CA}"
EndProject
Project("{8BC9CEB8-8B4A-11D0-8D11-00A0C91BC942}") = "297", "297\297.vcxproj", "{4E307048-D2DD-499F-9511-D46B1F7A6CC6}"
EndProject
Project("{8BC9CEB8-8B4A-11D0-8D11-00A0C91BC942}") = "327", "327\327.vcxproj", "{70546531-4BDB-476E-BF0B-18F3B1E26BBB}"
EndProject
Global
	GlobalSection(SolutionConfigurationPlatforms) = preSolution
		Debug|Win32 = Debug|Win32
		Release|Win32 = Release|Win32
	EndGlobalSection
	GlobalSection(ProjectConfigurationPlatforms) = postSolution
		{C14594A7-65BB-4D54-BFE2-2849EC056F73}.Debug|Win32.ActiveCfg = Debug|Win32
		{C14594A7-65BB-4D54-BFE2-2849EC056F73}.Debug|Win32.Build.0 = Debug|Win32
		{C14594A7-65BB-4D54-BFE2-2849EC056F73}.Release|Win32.ActiveCfg = Release|Win32
		{C14594A7-65BB-4D54-BFE2-2849EC056F73}.Release|Win32.Build.0 = Release|Win32
		{66CF986E-ECE2-48B8-A3AC-D6DE90114703}.Debug|Win32.ActiveCfg = Debug|Win32
		{66CF986E-ECE2-48B8-A3AC-D6DE90114703}.Debug|Win32.Build.0 = Debug|Win32
		{66CF986E-ECE2-48B8-A3AC-D6DE90114703}.Release|Win32.ActiveCfg = Release|Win32
		{66CF986E-ECE2-48B8-A3AC-D6DE90114703}.Release|Win32.Build.0 = Release|Win32
		{CB4781DC-9209-407D-A1FC-43187DB653FD}.Debug|Win32.ActiveCfg = Debug|Win32
		{CB4781DC-9209-407D-A1FC-43187DB653FD}.Debug|Win32.Build.0 = Debug|Win32
		{CB4781DC-9209-407D-A1FC-43187DB653FD}.Release|Win32.ActiveCfg = Release|Win32
		{CB4781DC-9209-407D-A1FC-43187DB653FD}.Release|Win32.Build.0 = Release|Win32
		{5DE3A591-E234-4268-A9DC-CBF67E3C05AA}.Debug|Win32.ActiveCfg = Debug|Win32
		{5DE3A591-E234-4268-A9DC-CBF67E3C05AA}.Debug|Win32.Build.0 = Debug|Win32
		{5DE3A591-E234-4268-A9DC-CBF67E3C05AA}.Release|Win32.ActiveCfg = Release|Win32
		{5DE3A591-E234-4268-A9DC-CBF67E3C05AA}.Release|Win32.Build.0 = Release|Win32
		{8FAE1A1F-A3F6-4F4C-8DE9-17D717D49536}.Debug|Win32.ActiveCfg = Debug|Win32
		{8FAE1A1F-A3F6-4F4C-8DE9-17D717D49536}.Debug|Win32.Build.0 = Debug|Win32
		{8FAE1A1F-A3F6-4F4C-8DE9-17D717D49536}.Release|Win32.ActiveCfg = Release|Win32
		{8FAE1A1F-A3F6-4F4C-8DE9-17D717D49536}.Release|Win32.Build.0 = Release|Win32
		{490955D9-1494-45DF-86E6-A407314858EA}.Debug|Win32.ActiveCfg = Debug|Win32
		{490955D9-1494-45DF-86E6-A407314858EA}.Debug|Win32.Build.0 = Debug|Win32
		{490955D9-1494-45DF-86E6-A407314858EA}.Release|Win32.ActiveCfg = Release|Win32
		{490955D9-1494-45DF-86E6-A407314858EA}.Release|Win32.Build.0 = Release|Win32
		{2055C26E-A38D-4183-B994-E95D037126CA}.Debug|Win32.ActiveCfg = Debug|Win32
		{2055C26E-A38D-4183-B994-E95D037126CA}.Debug|Win32.Build.0 = Debug|Win32
		{2055C26E-A38D-4183-B994-E95D037126CA}.Release|Win32.ActiveCfg = Release|Win32
		{2055C26E-A38D-4183-B994-E95D037126CA}.Release|Win32.Build.0 = Release|Win32
		{0092C8C2-E967-408B-896F-C1167BA95EDB}.Debug|Win32.ActiveCfg = Debug|Win32
		{0092C8C2-E967-408B-896F-C1167BA95EDB}.Debug|Win32.Build.0 = Debug|Win32
		{0092C8C2-E967-408B-896F-C1167BA95EDB}.Release|Win32.ActiveCfg = Release|Win32
		{0092C8C2-E967-408B-896F-C1167BA95EDB}.Release|Win32.Build.0 = Release|Win32
		{32A4229F-AA3E-4F13-92EA-0AB88E7DC793}.Debug|Win32.ActiveCfg = Debug|Win32
		{32A4229F-AA3E-4F13-92EA-0AB88E7DC793}.Debug|Win32.Build.0 = Debug|Win32
		{32A4229F-AA3E-4F13-92EA-0AB88E7DC793}.Release|Win32.ActiveCfg = Release|Win32
		{32A4229F-AA3E-4F13-92EA-0AB88E7DC793}.Release|Win32.Build.0 = Release|Win32
		{416DA3FE-551D-4476-AAF3-2FE0BD85B839}.Debug|Win32.ActiveCfg = Debug|Win32
		{416DA3FE-551D-4476-AAF3-2FE0BD85B839}.Debug|Win32.Build.0 = Debug|Win32
		{416DA3FE-551D-4476-AAF3-2FE0BD85B839}.Release|Win32.ActiveCfg = Release|Win32
		{416DA3FE-551D-4476-AAF3-2FE0BD85B839}.Release|Win32.Build.0 = Release|Win32
		{80C3770B-21DF-40E0-B052-C4CC4AB3FE35}.Debug|Win32.ActiveCfg = Debug|Win32
		{80C3770B-21DF-40E0-B052-C4CC4AB3FE35}.Debug|Win32.Build.0 = Debug|Win32
		{80C3770B-21DF-40E0-B052-C4CC4AB3FE35}.Release|Win32.ActiveCfg = Release|Win32
		{80C3770B-21DF-40E0-B052-C4CC4AB3FE35}.Release|Win32.Build.0 = Release|Win32
		{1A7348DA-1CD1-4FAA-A200-F64A3240C2EB}.Debug|Win32.ActiveCfg = Debug|Win32
		{1A7348DA-1CD1-4FAA-A200-F64A3240C2EB}.Debug|Win32.Build.0 = Debug|Win32
		{1A7348DA-1CD1-4FAA-A200-F64A3240C2EB}.Release|Win32.ActiveCfg = Release|Win32
		{1A7348DA-1CD1-4FAA-A200-F64A3240C2EB}.Release|Win32.Build.0 = Release|Win32
		{410CCCA0-7F07-4B70-B0A0-901A7A5DF9D8}.Debug|Win32.ActiveCfg = Debug|Win32
		{410CCCA0-7F07-4B70-B0A0-901A7A5DF9D8}.Debug|Win32.Build.0 = Debug|Win32
		{410CCCA0-7F07-4B70-B0A0-901A7A5DF9D8}.Release|Win32.ActiveCfg = Release|Win32
		{410CCCA0-7F07-4B70-B0A0-901A7A5DF9D8}.Release|Win32.Build.0 = Release|Win32
		{09A7D544-429B-422C-8963-C5ACB8D5E9CA}.Debug|Win32.ActiveCfg = Debug|Win32
		{09A7D544-429B-422C-8963-C5ACB8D5E9CA}.Debug|Win32.Build.0 = Debug|Win32
		{09A7D544-429B-422C-8963-C5ACB8D5E9CA}.Release|Win32.ActiveCfg = Release|Win32
		{09A7D544-429B-422C-8963-C5ACB8D5E9CA}.Release|Win32.Build.0 = Release|Win32
		{4E307048-D2DD-499F-9511-D46B1F7A6CC6}.Debug|Win32.ActiveCfg = Debug|Win32
		{4E307048-D2DD-499F-9511-D46B1F7A6CC6}.Debug|Win32.Build.0 = Debug|Win32
		{4E307048-D2DD-499F-9511-D46B1F7A6CC6}.Release|Win32.ActiveCfg = Release|Win32
		{4E307048-D2DD-499F-9511-D46B1F7A6CC6}.Release|Win32.Build.0 = Release|Win32
		{70546531-4BDB-476E-BF0B-18F3B1E26BBB}.Debug|Win32.ActiveCfg = Debug|Win32
		{70546531-4BDB-476E-BF0B-18F3B1E26BBB}.Debug|Win32.Build.0 = Debug|Win32
		{70546531-4BDB-476E-BF0B-18F3B1E26BBB}.Release|Win32.ActiveCfg = Release|Win32
		{70546531-4BDB-476E-BF0B-18F3B1E26BBB}.Release|Win32.Build.0 = Release|Win32
	EndGlobalSection
	GlobalSection(SolutionProperties) = preSolution
		HideSolutionNode = FALSE
	EndGlobalSection
EndGlobal
